
Microsoft Visual Studio Solution File, Format Version 12.00
# Visual Studio Version 17
VisualStudioVersion = 17.5.33530.505
MinimumVisualStudioVersion = 10.0.40219.1
Project("{FAE04EC0-301F-11D3-BF4B-00C04F79EFBC}") = "ConsoleApp1", "ConsoleApp1.csproj", "{7EC50388-057C-4C11-B6B4-7CA309EEEE0D}"
EndProject
Global
	GlobalSection(SolutionConfigurationPlatforms) = preSolution
		Debug|Any CPU = Debug|Any CPU
		Release|Any CPU = Release|Any CPU
	EndGlobalSection
	GlobalSection(ProjectConfigurationPlatforms) = postSolution
		{7EC50388-057C-4C11-B6B4-7CA309EEEE0D}.Debug|Any CPU.ActiveCfg = Debug|Any CPU
		{7EC50388-057C-4C11-B6B4-7CA309EEEE0D}.Debug|Any CPU.Build.0 = Debug|Any CPU
		{7EC50388-057C-4C11-B6B4-7CA309EEEE0D}.Release|Any CPU.ActiveCfg = Release|Any CPU
		{7EC50388-057C-4C11-B6B4-7CA309EEEE0D}.Release|Any CPU.Build.0 = Release|Any CPU
	EndGlobalSection
	GlobalSection(SolutionProperties) = preSolution
		HideSolutionNode = FALSE
	EndGlobalSection
	GlobalSection(ExtensibilityGlobals) = postSolution
		SolutionGuid = {B0D5EE60-498C-4642-B052-1FC54CAF6D92}
	EndGlobalSection
EndGlobal
